# THIS IS AN AUTOGENERATED FILE. DO NOT EDIT THIS FILE DIRECTLY.
# yarn lockfile v1


"bgzf@git+http://git@github.com/MatthewRalston/bgzf.git#master":
  version "0.0.1"
  resolved "git+http://git@github.com/MatthewRalston/bgzf.git#3f68ea2ba2e3603144b157d701e65586eb5c1fd4"
  dependencies:
    nan "^2.0.x"

nan@^2.0.x:
  version "2.10.0"
  resolved "https://registry.yarnpkg.com/nan/-/nan-2.10.0.tgz#96d0cd610ebd58d4b4de9cc0c6828cda99c7548f"

termcolor@^0.2.0:
  version "0.2.0"
  resolved "https://registry.yarnpkg.com/termcolor/-/termcolor-0.2.0.tgz#283afffd417a49ba730e94d5c120212e0b1fe475"
